
Microsoft Visual Studio Solution File, Format Version 12.00
# Visual Studio 15
VisualStudioVersion = 15.0.26228.9
MinimumVisualStudioVersion = 10.0.40219.1
Project("{FAE04EC0-301F-11D3-BF4B-00C04F79EFBC}") = "OrientDB.Net.Samples.DatabaseManagement", "OrientDB.Net.Samples.DatabaseManagement\OrientDB.Net.Samples.DatabaseManagement.csproj", "{6E983598-3D98-4EA1-815F-8F7F349D74C6}"
EndProject
Project("{FAE04EC0-301F-11D3-BF4B-00C04F79EFBC}") = "OrientDB.Net.Samples.DataManagement", "OrientDB.Net.Samples.DataManagement\OrientDB.Net.Samples.DataManagement.csproj", "{9338B68D-6847-4E91-807D-B0169B185215}"
EndProject
Project("{FAE04EC0-301F-11D3-BF4B-00C04F79EFBC}") = "OrientDB.Net.Samples.Transactions", "OrientDB.Net.Samples.Transactions\OrientDB.Net.Samples.Transactions.csproj", "{7D40368D-C84C-4EAC-A418-F5548BB38825}"
EndProject
Global
	GlobalSection(SolutionConfigurationPlatforms) = preSolution
		Debug|Any CPU = Debug|Any CPU
		Release|Any CPU = Release|Any CPU
	EndGlobalSection
	GlobalSection(ProjectConfigurationPlatforms) = postSolution
		{6E983598-3D98-4EA1-815F-8F7F349D74C6}.Debug|Any CPU.ActiveCfg = Debug|Any CPU
		{6E983598-3D98-4EA1-815F-8F7F349D74C6}.Debug|Any CPU.Build.0 = Debug|Any CPU
		{6E983598-3D98-4EA1-815F-8F7F349D74C6}.Release|Any CPU.ActiveCfg = Release|Any CPU
		{6E983598-3D98-4EA1-815F-8F7F349D74C6}.Release|Any CPU.Build.0 = Release|Any CPU
		{9338B68D-6847-4E91-807D-B0169B185215}.Debug|Any CPU.ActiveCfg = Debug|Any CPU
		{9338B68D-6847-4E91-807D-B0169B185215}.Debug|Any CPU.Build.0 = Debug|Any CPU
		{9338B68D-6847-4E91-807D-B0169B185215}.Release|Any CPU.ActiveCfg = Release|Any CPU
		{9338B68D-6847-4E91-807D-B0169B185215}.Release|Any CPU.Build.0 = Release|Any CPU
		{7D40368D-C84C-4EAC-A418-F5548BB38825}.Debug|Any CPU.ActiveCfg = Debug|Any CPU
		{7D40368D-C84C-4EAC-A418-F5548BB38825}.Debug|Any CPU.Build.0 = Debug|Any CPU
		{7D40368D-C84C-4EAC-A418-F5548BB38825}.Release|Any CPU.ActiveCfg = Release|Any CPU
		{7D40368D-C84C-4EAC-A418-F5548BB38825}.Release|Any CPU.Build.0 = Release|Any CPU
	EndGlobalSection
	GlobalSection(SolutionProperties) = preSolution
		HideSolutionNode = FALSE
	EndGlobalSection
EndGlobal
